
Microsoft Visual Studio Solution File, Format Version 12.00
# Visual Studio 15
Project("{FAE04EC0-301F-11D3-BF4B-00C04F79EFBC}") = "Space game", "Space game.csproj", "{E3E02A1F-2939-C87B-3610-F19E08B7502B}"
EndProject
Project("{FAE04EC0-301F-11D3-BF4B-00C04F79EFBC}") = "Space game.Editor", "Space game.Editor.csproj", "{3AEF1789-2A15-72B3-DA64-D6F07D758B33}"
EndProject
Global
	GlobalSection(SolutionConfigurationPlatforms) = preSolution
		Debug|Any CPU = Debug|Any CPU
		Release|Any CPU = Release|Any CPU
	EndGlobalSection
	GlobalSection(ProjectConfigurationPlatforms) = postSolution
		{E3E02A1F-2939-C87B-3610-F19E08B7502B}.Debug|Any CPU.ActiveCfg = Debug|Any CPU
		{E3E02A1F-2939-C87B-3610-F19E08B7502B}.Debug|Any CPU.Build.0 = Debug|Any CPU
		{E3E02A1F-2939-C87B-3610-F19E08B7502B}.Release|Any CPU.ActiveCfg = Release|Any CPU
		{E3E02A1F-2939-C87B-3610-F19E08B7502B}.Release|Any CPU.Build.0 = Release|Any CPU
		{3AEF1789-2A15-72B3-DA64-D6F07D758B33}.Debug|Any CPU.ActiveCfg = Debug|Any CPU
		{3AEF1789-2A15-72B3-DA64-D6F07D758B33}.Debug|Any CPU.Build.0 = Debug|Any CPU
		{3AEF1789-2A15-72B3-DA64-D6F07D758B33}.Release|Any CPU.ActiveCfg = Release|Any CPU
		{3AEF1789-2A15-72B3-DA64-D6F07D758B33}.Release|Any CPU.Build.0 = Release|Any CPU
	EndGlobalSection
	GlobalSection(SolutionProperties) = preSolution
		HideSolutionNode = FALSE
	EndGlobalSection
EndGlobal
